// !$*UTF8*$!
{
	archiveVersion = 1;
	classes = {
	};
	objectVersion = 56;
	objects = {

/* Begin PBXBuildFile section */
		34FFC09E28F1B75A008F1CE9 /* AppDelegate.swift in Sources */ = {isa = PBXBuildFile; fileRef = 34FFC09D28F1B75A008F1CE9 /* AppDelegate.swift */; };
		34FFC0A028F1B75A008F1CE9 /* SceneDelegate.swift in Sources */ = {isa = PBXBuildFile; fileRef = 34FFC09F28F1B75A008F1CE9 /* SceneDelegate.swift */; };
		34FFC0A228F1B75A008F1CE9 /* ViewController.swift in Sources */ = {isa = PBXBuildFile; fileRef = 34FFC0A128F1B75A008F1CE9 /* ViewController.swift */; };
		34FFC0A528F1B75A008F1CE9 /* Main.storyboard in Resources */ = {isa = PBXBuildFile; fileRef = 34FFC0A328F1B75A008F1CE9 /* Main.storyboard */; };
		34FFC0A728F1B75A008F1CE9 /* Assets.xcassets in Resources */ = {isa = PBXBuildFile; fileRef = 34FFC0A628F1B75A008F1CE9 /* Assets.xcassets */; };
		34FFC0AA28F1B75A008F1CE9 /* LaunchScreen.storyboard in Resources */ = {isa = PBXBuildFile; fileRef = 34FFC0A828F1B75A008F1CE9 /* LaunchScreen.storyboard */; };
		34FFC0B528F1B75A008F1CE9 /* OddEvenGameTests.swift in Sources */ = {isa = PBXBuildFile; fileRef = 34FFC0B428F1B75A008F1CE9 /* OddEvenGameTests.swift */; };
		34FFC0BF28F1B75A008F1CE9 /* OddEvenGameUITests.swift in Sources */ = {isa = PBXBuildFile; fileRef = 34FFC0BE28F1B75A008F1CE9 /* OddEvenGameUITests.swift */; };
		34FFC0C128F1B75A008F1CE9 /* OddEvenGameUITestsLaunchTests.swift in Sources */ = {isa = PBXBuildFile; fileRef = 34FFC0C028F1B75A008F1CE9 /* OddEvenGameUITestsLaunchTests.swift */; };
/* End PBXBuildFile section */

/* Begin PBXContainerItemProxy section */
		34FFC0B128F1B75A008F1CE9 /* PBXContainerItemProxy */ = {
			isa = PBXContainerItemProxy;
			containerPortal = 34FFC09228F1B759008F1CE9 /* Project object */;
			proxyType = 1;
			remoteGlobalIDString = 34FFC09928F1B759008F1CE9;
			remoteInfo = OddEvenGame;
		};
		34FFC0BB28F1B75A008F1CE9 /* PBXContainerItemProxy */ = {
			isa = PBXContainerItemProxy;
			containerPortal = 34FFC09228F1B759008F1CE9 /* Project object */;
			proxyType = 1;
			remoteGlobalIDString = 34FFC09928F1B759008F1CE9;
			remoteInfo = OddEvenGame;
		};
/* End PBXContainerItemProxy section */

/* Begin PBXFileReference section */
		34FFC09A28F1B759008F1CE9 /* OddEvenGame.app */ = {isa = PBXFileReference; explicitFileType = wrapper.application; includeInIndex = 0; path = OddEvenGame.app; sourceTree = BUILT_PRODUCTS_DIR; };
		34FFC09D28F1B75A008F1CE9 /* AppDelegate.swift */ = {isa = PBXFileReference; lastKnownFileType = sourcecode.swift; path = AppDelegate.swift; sourceTree = "<group>"; };
		34FFC09F28F1B75A008F1CE9 /* SceneDelegate.swift */ = {isa = PBXFileReference; lastKnownFileType = sourcecode.swift; path = SceneDelegate.swift; sourceTree = "<group>"; };
		34FFC0A128F1B75A008F1CE9 /* ViewController.swift */ = {isa = PBXFileReference; lastKnownFileType = sourcecode.swift; path = ViewController.swift; sourceTree = "<group>"; };
		34FFC0A428F1B75A008F1CE9 /* Base */ = {isa = PBXFileReference; lastKnownFileType = file.storyboard; name = Base; path = Base.lproj/Main.storyboard; sourceTree = "<group>"; };
		34FFC0A628F1B75A008F1CE9 /* Assets.xcassets */ = {isa = PBXFileReference; lastKnownFileType = folder.assetcatalog; path = Assets.xcassets; sourceTree = "<group>"; };
		34FFC0A928F1B75A008F1CE9 /* Base */ = {isa = PBXFileReference; lastKnownFileType = file.storyboard; name = Base; path = Base.lproj/LaunchScreen.storyboard; sourceTree = "<group>"; };
		34FFC0AB28F1B75A008F1CE9 /* Info.plist */ = {isa = PBXFileReference; lastKnownFileType = text.plist.xml; path = Info.plist; sourceTree = "<group>"; };
		34FFC0B028F1B75A008F1CE9 /* OddEvenGameTests.xctest */ = {isa = PBXFileReference; explicitFileType = wrapper.cfbundle; includeInIndex = 0; path = OddEvenGameTests.xctest; sourceTree = BUILT_PRODUCTS_DIR; };
		34FFC0B428F1B75A008F1CE9 /* OddEvenGameTests.swift */ = {isa = PBXFileReference; lastKnownFileType = sourcecode.swift; path = OddEvenGameTests.swift; sourceTree = "<group>"; };
		34FFC0BA28F1B75A008F1CE9 /* OddEvenGameUITests.xctest */ = {isa = PBXFileReference; explicitFileType = wrapper.cfbundle; includeInIndex = 0; path = OddEvenGameUITests.xctest; sourceTree = BUILT_PRODUCTS_DIR; };
		34FFC0BE28F1B75A008F1CE9 /* OddEvenGameUITests.swift */ = {isa = PBXFileReference; lastKnownFileType = sourcecode.swift; path = OddEvenGameUITests.swift; sourceTree = "<group>"; };
		34FFC0C028F1B75A008F1CE9 /* OddEvenGameUITestsLaunchTests.swift */ = {isa = PBXFileReference; lastKnownFileType = sourcecode.swift; path = OddEvenGameUITestsLaunchTests.swift; sourceTree = "<group>"; };
/* End PBXFileReference section */

/* Begin PBXFrameworksBuildPhase section */
		34FFC09728F1B759008F1CE9 /* Frameworks */ = {
			isa = PBXFrameworksBuildPhase;
			buildActionMask = 2147483647;
			files = (
			);
			runOnlyForDeploymentPostprocessing = 0;
		};
		34FFC0AD28F1B75A008F1CE9 /* Frameworks */ = {
			isa = PBXFrameworksBuildPhase;
			buildActionMask = 2147483647;
			files = (
			);
			runOnlyForDeploymentPostprocessing = 0;
		};
		34FFC0B728F1B75A008F1CE9 /* Frameworks */ = {
			isa = PBXFrameworksBuildPhase;
			buildActionMask = 2147483647;
			files = (
			);
			runOnlyForDeploymentPostprocessing = 0;
		};
/* End PBXFrameworksBuildPhase section */

/* Begin PBXGroup section */
		34FFC09128F1B759008F1CE9 = {
			isa = PBXGroup;
			children = (
				34FFC09C28F1B75A008F1CE9 /* OddEvenGame */,
				34FFC0B328F1B75A008F1CE9 /* OddEvenGameTests */,
				34FFC0BD28F1B75A008F1CE9 /* OddEvenGameUITests */,
				34FFC09B28F1B759008F1CE9 /* Products */,
			);
			sourceTree = "<group>";
		};
		34FFC09B28F1B759008F1CE9 /* Products */ = {
			isa = PBXGroup;
			children = (
				34FFC09A28F1B759008F1CE9 /* OddEvenGame.app */,
				34FFC0B028F1B75A008F1CE9 /* OddEvenGameTests.xctest */,
				34FFC0BA28F1B75A008F1CE9 /* OddEvenGameUITests.xctest */,
			);
			name = Products;
			sourceTree = "<group>";
		};
		34FFC09C28F1B75A008F1CE9 /* OddEvenGame */ = {
			isa = PBXGroup;
			children = (
				34FFC09D28F1B75A008F1CE9 /* AppDelegate.swift */,
				34FFC09F28F1B75A008F1CE9 /* SceneDelegate.swift */,
				34FFC0A128F1B75A008F1CE9 /* ViewController.swift */,
				34FFC0A328F1B75A008F1CE9 /* Main.storyboard */,
				34FFC0A628F1B75A008F1CE9 /* Assets.xcassets */,
				34FFC0A828F1B75A008F1CE9 /* LaunchScreen.storyboard */,
				34FFC0AB28F1B75A008F1CE9 /* Info.plist */,
			);
			path = OddEvenGame;
			sourceTree = "<group>";
		};
		34FFC0B328F1B75A008F1CE9 /* OddEvenGameTests */ = {
			isa = PBXGroup;
			children = (
				34FFC0B428F1B75A008F1CE9 /* OddEvenGameTests.swift */,
			);
			path = OddEvenGameTests;
			sourceTree = "<group>";
		};
		34FFC0BD28F1B75A008F1CE9 /* OddEvenGameUITests */ = {
			isa = PBXGroup;
			children = (
				34FFC0BE28F1B75A008F1CE9 /* OddEvenGameUITests.swift */,
				34FFC0C028F1B75A008F1CE9 /* OddEvenGameUITestsLaunchTests.swift */,
			);
			path = OddEvenGameUITests;
			sourceTree = "<group>";
		};
/* End PBXGroup section */

/* Begin PBXNativeTarget section */
		34FFC09928F1B759008F1CE9 /* OddEvenGame */ = {
			isa = PBXNativeTarget;
			buildConfigurationList = 34FFC0C428F1B75A008F1CE9 /* Build configuration list for PBXNativeTarget "OddEvenGame" */;
			buildPhases = (
				34FFC09628F1B759008F1CE9 /* Sources */,
				34FFC09728F1B759008F1CE9 /* Frameworks */,
				34FFC09828F1B759008F1CE9 /* Resources */,
			);
			buildRules = (
			);
			dependencies = (
			);
			name = OddEvenGame;
			productName = OddEvenGame;
			productReference = 34FFC09A28F1B759008F1CE9 /* OddEvenGame.app */;
			productType = "com.apple.product-type.application";
		};
		34FFC0AF28F1B75A008F1CE9 /* OddEvenGameTests */ = {
			isa = PBXNativeTarget;
			buildConfigurationList = 34FFC0C728F1B75A008F1CE9 /* Build configuration list for PBXNativeTarget "OddEvenGameTests" */;
			buildPhases = (
				34FFC0AC28F1B75A008F1CE9 /* Sources */,
				34FFC0AD28F1B75A008F1CE9 /* Frameworks */,
				34FFC0AE28F1B75A008F1CE9 /* Resources */,
			);
			buildRules = (
			);
			dependencies = (
				34FFC0B228F1B75A008F1CE9 /* PBXTargetDependency */,
			);
			name = OddEvenGameTests;
			productName = OddEvenGameTests;
			productReference = 34FFC0B028F1B75A008F1CE9 /* OddEvenGameTests.xctest */;
			productType = "com.apple.product-type.bundle.unit-test";
		};
		34FFC0B928F1B75A008F1CE9 /* OddEvenGameUITests */ = {
			isa = PBXNativeTarget;
			buildConfigurationList = 34FFC0CA28F1B75A008F1CE9 /* Build configuration list for PBXNativeTarget "OddEvenGameUITests" */;
			buildPhases = (
				34FFC0B628F1B75A008F1CE9 /* Sources */,
				34FFC0B728F1B75A008F1CE9 /* Frameworks */,
				34FFC0B828F1B75A008F1CE9 /* Resources */,
			);
			buildRules = (
			);
			dependencies = (
				34FFC0BC28F1B75A008F1CE9 /* PBXTargetDependency */,
			);
			name = OddEvenGameUITests;
			productName = OddEvenGameUITests;
			productReference = 34FFC0BA28F1B75A008F1CE9 /* OddEvenGameUITests.xctest */;
			productType = "com.apple.product-type.bundle.ui-testing";
		};
/* End PBXNativeTarget section */

/* Begin PBXProject section */
		34FFC09228F1B759008F1CE9 /* Project object */ = {
			isa = PBXProject;
			attributes = {
				BuildIndependentTargetsInParallel = 1;
				LastSwiftUpdateCheck = 1400;
				LastUpgradeCheck = 1400;
				TargetAttributes = {
					34FFC09928F1B759008F1CE9 = {
						CreatedOnToolsVersion = 14.0.1;
					};
					34FFC0AF28F1B75A008F1CE9 = {
						CreatedOnToolsVersion = 14.0.1;
						TestTargetID = 34FFC09928F1B759008F1CE9;
					};
					34FFC0B928F1B75A008F1CE9 = {
						CreatedOnToolsVersion = 14.0.1;
						TestTargetID = 34FFC09928F1B759008F1CE9;
					};
				};
			};
			buildConfigurationList = 34FFC09528F1B759008F1CE9 /* Build configuration list for PBXProject "OddEvenGame" */;
			compatibilityVersion = "Xcode 14.0";
			developmentRegion = en;
			hasScannedForEncodings = 0;
			knownRegions = (
				en,
				Base,
			);
			mainGroup = 34FFC09128F1B759008F1CE9;
			productRefGroup = 34FFC09B28F1B759008F1CE9 /* Products */;
			projectDirPath = "";
			projectRoot = "";
			targets = (
				34FFC09928F1B759008F1CE9 /* OddEvenGame */,
				34FFC0AF28F1B75A008F1CE9 /* OddEvenGameTests */,
				34FFC0B928F1B75A008F1CE9 /* OddEvenGameUITests */,
			);
		};
/* End PBXProject section */

/* Begin PBXResourcesBuildPhase section */
		34FFC09828F1B759008F1CE9 /* Resources */ = {
			isa = PBXResourcesBuildPhase;
			buildActionMask = 2147483647;
			files = (
				34FFC0AA28F1B75A008F1CE9 /* LaunchScreen.storyboard in Resources */,
				34FFC0A728F1B75A008F1CE9 /* Assets.xcassets in Resources */,
				34FFC0A528F1B75A008F1CE9 /* Main.storyboard in Resources */,
			);
			runOnlyForDeploymentPostprocessing = 0;
		};
		34FFC0AE28F1B75A008F1CE9 /* Resources */ = {
			isa = PBXResourcesBuildPhase;
			buildActionMask = 2147483647;
			files = (
			);
			runOnlyForDeploymentPostprocessing = 0;
		};
		34FFC0B828F1B75A008F1CE9 /* Resources */ = {
			isa = PBXResourcesBuildPhase;
			buildActionMask = 2147483647;
			files = (
			);
			runOnlyForDeploymentPostprocessing = 0;
		};
/* End PBXResourcesBuildPhase section */

/* Begin PBXSourcesBuildPhase section */
		34FFC09628F1B759008F1CE9 /* Sources */ = {
			isa = PBXSourcesBuildPhase;
			buildActionMask = 2147483647;
			files = (
				34FFC0A228F1B75A008F1CE9 /* ViewController.swift in Sources */,
				34FFC09E28F1B75A008F1CE9 /* AppDelegate.swift in Sources */,
				34FFC0A028F1B75A008F1CE9 /* SceneDelegate.swift in Sources */,
			);
			runOnlyForDeploymentPostprocessing = 0;
		};
		34FFC0AC28F1B75A008F1CE9 /* Sources */ = {
			isa = PBXSourcesBuildPhase;
			buildActionMask = 2147483647;
			files = (
				34FFC0B528F1B75A008F1CE9 /* OddEvenGameTests.swift in Sources */,
			);
			runOnlyForDeploymentPostprocessing = 0;
		};
		34FFC0B628F1B75A008F1CE9 /* Sources */ = {
			isa = PBXSourcesBuildPhase;
			buildActionMask = 2147483647;
			files = (
				34FFC0C128F1B75A008F1CE9 /* OddEvenGameUITestsLaunchTests.swift in Sources */,
				34FFC0BF28F1B75A008F1CE9 /* OddEvenGameUITests.swift in Sources */,
			);
			runOnlyForDeploymentPostprocessing = 0;
		};
/* End PBXSourcesBuildPhase section */

/* Begin PBXTargetDependency section */
		34FFC0B228F1B75A008F1CE9 /* PBXTargetDependency */ = {
			isa = PBXTargetDependency;
			target = 34FFC09928F1B759008F1CE9 /* OddEvenGame */;
			targetProxy = 34FFC0B128F1B75A008F1CE9 /* PBXContainerItemProxy */;
		};
		34FFC0BC28F1B75A008F1CE9 /* PBXTargetDependency */ = {
			isa = PBXTargetDependency;
			target = 34FFC09928F1B759008F1CE9 /* OddEvenGame */;
			targetProxy = 34FFC0BB28F1B75A008F1CE9 /* PBXContainerItemProxy */;
		};
/* End PBXTargetDependency section */

/* Begin PBXVariantGroup section */
		34FFC0A328F1B75A008F1CE9 /* Main.storyboard */ = {
			isa = PBXVariantGroup;
			children = (
				34FFC0A428F1B75A008F1CE9 /* Base */,
			);
			name = Main.storyboard;
			sourceTree = "<group>";
		};
		34FFC0A828F1B75A008F1CE9 /* LaunchScreen.storyboard */ = {
			isa = PBXVariantGroup;
			children = (
				34FFC0A928F1B75A008F1CE9 /* Base */,
			);
			name = LaunchScreen.storyboard;
			sourceTree = "<group>";
		};
/* End PBXVariantGroup section */

/* Begin XCBuildConfiguration section */
		34FFC0C228F1B75A008F1CE9 /* Debug */ = {
			isa = XCBuildConfiguration;
			buildSettings = {
				ALWAYS_SEARCH_USER_PATHS = NO;
				CLANG_ANALYZER_NONNULL = YES;
				CLANG_ANALYZER_NUMBER_OBJECT_CONVERSION = YES_AGGRESSIVE;
				CLANG_CXX_LANGUAGE_STANDARD = "gnu++20";
				CLANG_ENABLE_MODULES = YES;
				CLANG_ENABLE_OBJC_ARC = YES;
				CLANG_ENABLE_OBJC_WEAK = YES;
				CLANG_WARN_BLOCK_CAPTURE_AUTORELEASING = YES;
				CLANG_WARN_BOOL_CONVERSION = YES;
				CLANG_WARN_COMMA = YES;
				CLANG_WARN_CONSTANT_CONVERSION = YES;
				CLANG_WARN_DEPRECATED_OBJC_IMPLEMENTATIONS = YES;
				CLANG_WARN_DIRECT_OBJC_ISA_USAGE = YES_ERROR;
				CLANG_WARN_DOCUMENTATION_COMMENTS = YES;
				CLANG_WARN_EMPTY_BODY = YES;
				CLANG_WARN_ENUM_CONVERSION = YES;
				CLANG_WARN_INFINITE_RECURSION = YES;
				CLANG_WARN_INT_CONVERSION = YES;
				CLANG_WARN_NON_LITERAL_NULL_CONVERSION = YES;
				CLANG_WARN_OBJC_IMPLICIT_RETAIN_SELF = YES;
				CLANG_WARN_OBJC_LITERAL_CONVERSION = YES;
				CLANG_WARN_OBJC_ROOT_CLASS = YES_ERROR;
				CLANG_WARN_QUOTED_INCLUDE_IN_FRAMEWORK_HEADER = YES;
				CLANG_WARN_RANGE_LOOP_ANALYSIS = YES;
				CLANG_WARN_STRICT_PROTOTYPES = YES;
				CLANG_WARN_SUSPICIOUS_MOVE = YES;
				CLANG_WARN_UNGUARDED_AVAILABILITY = YES_AGGRESSIVE;
				CLANG_WARN_UNREACHABLE_CODE = YES;
				CLANG_WARN__DUPLICATE_METHOD_MATCH = YES;
				COPY_PHASE_STRIP = NO;
				DEBUG_INFORMATION_FORMAT = dwarf;
				ENABLE_STRICT_OBJC_MSGSEND = YES;
				ENABLE_TESTABILITY = YES;
				GCC_C_LANGUAGE_STANDARD = gnu11;
				GCC_DYNAMIC_NO_PIC = NO;
				GCC_NO_COMMON_BLOCKS = YES;
				GCC_OPTIMIZATION_LEVEL = 0;
				GCC_PREPROCESSOR_DEFINITIONS = (
					"DEBUG=1",
					"$(inherited)",
				);
				GCC_WARN_64_TO_32_BIT_CONVERSION = YES;
				GCC_WARN_ABOUT_RETURN_TYPE = YES_ERROR;
				GCC_WARN_UNDECLARED_SELECTOR = YES;
				GCC_WARN_UNINITIALIZED_AUTOS = YES_AGGRESSIVE;
				GCC_WARN_UNUSED_FUNCTION = YES;
				GCC_WARN_UNUSED_VARIABLE = YES;
				IPHONEOS_DEPLOYMENT_TARGET = 16.0;
				MTL_ENABLE_DEBUG_INFO = INCLUDE_SOURCE;
				MTL_FAST_MATH = YES;
				ONLY_ACTIVE_ARCH = YES;
				SDKROOT = iphoneos;
				SWIFT_ACTIVE_COMPILATION_CONDITIONS = DEBUG;
				SWIFT_OPTIMIZATION_LEVEL = "-Onone";
			};
			name = Debug;
		};
		34FFC0C328F1B75A008F1CE9 /* Release */ = {
			isa = XCBuildConfiguration;
			buildSettings = {
				ALWAYS_SEARCH_USER_PATHS = NO;
				CLANG_ANALYZER_NONNULL = YES;
				CLANG_ANALYZER_NUMBER_OBJECT_CONVERSION = YES_AGGRESSIVE;
				CLANG_CXX_LANGUAGE_STANDARD = "gnu++20";
				CLANG_ENABLE_MODULES = YES;
				CLANG_ENABLE_OBJC_ARC = YES;
				CLANG_ENABLE_OBJC_WEAK = YES;
				CLANG_WARN_BLOCK_CAPTURE_AUTORELEASING = YES;
				CLANG_WARN_BOOL_CONVERSION = YES;
				CLANG_WARN_COMMA = YES;
				CLANG_WARN_CONSTANT_CONVERSION = YES;
				CLANG_WARN_DEPRECATED_OBJC_IMPLEMENTATIONS = YES;
				CLANG_WARN_DIRECT_OBJC_ISA_USAGE = YES_ERROR;
				CLANG_WARN_DOCUMENTATION_COMMENTS = YES;
				CLANG_WARN_EMPTY_BODY = YES;
				CLANG_WARN_ENUM_CONVERSION = YES;
				CLANG_WARN_INFINITE_RECURSION = YES;
				CLANG_WARN_INT_CONVERSION = YES;
				CLANG_WARN_NON_LITERAL_NULL_CONVERSION = YES;
				CLANG_WARN_OBJC_IMPLICIT_RETAIN_SELF = YES;
				CLANG_WARN_OBJC_LITERAL_CONVERSION = YES;
				CLANG_WARN_OBJC_ROOT_CLASS = YES_ERROR;
				CLANG_WARN_QUOTED_INCLUDE_IN_FRAMEWORK_HEADER = YES;
				CLANG_WARN_RANGE_LOOP_ANALYSIS = YES;
				CLANG_WARN_STRICT_PROTOTYPES = YES;
				CLANG_WARN_SUSPICIOUS_MOVE = YES;
				CLANG_WARN_UNGUARDED_AVAILABILITY = YES_AGGRESSIVE;
				CLANG_WARN_UNREACHABLE_CODE = YES;
				CLANG_WARN__DUPLICATE_METHOD_MATCH = YES;
				COPY_PHASE_STRIP = NO;
				DEBUG_INFORMATION_FORMAT = "dwarf-with-dsym";
				ENABLE_NS_ASSERTIONS = NO;
				ENABLE_STRICT_OBJC_MSGSEND = YES;
				GCC_C_LANGUAGE_STANDARD = gnu11;
				GCC_NO_COMMON_BLOCKS = YES;
				GCC_WARN_64_TO_32_BIT_CONVERSION = YES;
				GCC_WARN_ABOUT_RETURN_TYPE = YES_ERROR;
				GCC_WARN_UNDECLARED_SELECTOR = YES;
				GCC_WARN_UNINITIALIZED_AUTOS = YES_AGGRESSIVE;
				GCC_WARN_UNUSED_FUNCTION = YES;
				GCC_WARN_UNUSED_VARIABLE = YES;
				IPHONEOS_DEPLOYMENT_TARGET = 16.0;
				MTL_ENABLE_DEBUG_INFO = NO;
				MTL_FAST_MATH = YES;
				SDKROOT = iphoneos;
				SWIFT_COMPILATION_MODE = wholemodule;
				SWIFT_OPTIMIZATION_LEVEL = "-O";
				VALIDATE_PRODUCT = YES;
			};
			name = Release;
		};
		34FFC0C528F1B75A008F1CE9 /* Debug */ = {
			isa = XCBuildConfiguration;
			buildSettings = {
				ASSETCATALOG_COMPILER_APPICON_NAME = AppIcon;
				ASSETCATALOG_COMPILER_GLOBAL_ACCENT_COLOR_NAME = AccentColor;
				CODE_SIGN_STYLE = Automatic;
				CURRENT_PROJECT_VERSION = 1;
				GENERATE_INFOPLIST_FILE = YES;
				INFOPLIST_FILE = OddEvenGame/Info.plist;
				INFOPLIST_KEY_UIApplicationSupportsIndirectInputEvents = YES;
				INFOPLIST_KEY_UILaunchStoryboardName = LaunchScreen;
				INFOPLIST_KEY_UIMainStoryboardFile = Main;
				INFOPLIST_KEY_UISupportedInterfaceOrientations_iPad = "UIInterfaceOrientationPortrait UIInterfaceOrientationPortraitUpsideDown UIInterfaceOrientationLandscapeLeft UIInterfaceOrientationLandscapeRight";
				INFOPLIST_KEY_UISupportedInterfaceOrientations_iPhone = "UIInterfaceOrientationPortrait UIInterfaceOrientationLandscapeLeft UIInterfaceOrientationLandscapeRight";
				LD_RUNPATH_SEARCH_PATHS = (
					"$(inherited)",
					"@executable_path/Frameworks",
				);
				MARKETING_VERSION = 1.0;
				PRODUCT_BUNDLE_IDENTIFIER = study.OddEvenGame;
				PRODUCT_NAME = "$(TARGET_NAME)";
				SWIFT_EMIT_LOC_STRINGS = YES;
				SWIFT_VERSION = 5.0;
				TARGETED_DEVICE_FAMILY = "1,2";
			};
			name = Debug;
		};
		34FFC0C628F1B75A008F1CE9 /* Release */ = {
			isa = XCBuildConfiguration;
			buildSettings = {
				ASSETCATALOG_COMPILER_APPICON_NAME = AppIcon;
				ASSETCATALOG_COMPILER_GLOBAL_ACCENT_COLOR_NAME = AccentColor;
				CODE_SIGN_STYLE = Automatic;
				CURRENT_PROJECT_VERSION = 1;
				GENERATE_INFOPLIST_FILE = YES;
				INFOPLIST_FILE = OddEvenGame/Info.plist;
				INFOPLIST_KEY_UIApplicationSupportsIndirectInputEvents = YES;
				INFOPLIST_KEY_UILaunchStoryboardName = LaunchScreen;
				INFOPLIST_KEY_UIMainStoryboardFile = Main;
				INFOPLIST_KEY_UISupportedInterfaceOrientations_iPad = "UIInterfaceOrientationPortrait UIInterfaceOrientationPortraitUpsideDown UIInterfaceOrientationLandscapeLeft UIInterfaceOrientationLandscapeRight";
				INFOPLIST_KEY_UISupportedInterfaceOrientations_iPhone = "UIInterfaceOrientationPortrait UIInterfaceOrientationLandscapeLeft UIInterfaceOrientationLandscapeRight";
				LD_RUNPATH_SEARCH_PATHS = (
					"$(inherited)",
					"@executable_path/Frameworks",
				);
				MARKETING_VERSION = 1.0;
				PRODUCT_BUNDLE_IDENTIFIER = study.OddEvenGame;
				PRODUCT_NAME = "$(TARGET_NAME)";
				SWIFT_EMIT_LOC_STRINGS = YES;
				SWIFT_VERSION = 5.0;
				TARGETED_DEVICE_FAMILY = "1,2";
			};
			name = Release;
		};
		34FFC0C828F1B75A008F1CE9 /* Debug */ = {
			isa = XCBuildConfiguration;
			buildSettings = {
				ALWAYS_EMBED_SWIFT_STANDARD_LIBRARIES = YES;
				BUNDLE_LOADER = "$(TEST_HOST)";
				CODE_SIGN_STYLE = Automatic;
				CURRENT_PROJECT_VERSION = 1;
				GENERATE_INFOPLIST_FILE = YES;
				IPHONEOS_DEPLOYMENT_TARGET = 16.0;
				MARKETING_VERSION = 1.0;
				PRODUCT_BUNDLE_IDENTIFIER = study.OddEvenGameTests;
				PRODUCT_NAME = "$(TARGET_NAME)";
				SWIFT_EMIT_LOC_STRINGS = NO;
				SWIFT_VERSION = 5.0;
				TARGETED_DEVICE_FAMILY = "1,2";
				TEST_HOST = "$(BUILT_PRODUCTS_DIR)/OddEvenGame.app/$(BUNDLE_EXECUTABLE_FOLDER_PATH)/OddEvenGame";
			};
			name = Debug;
		};
		34FFC0C928F1B75A008F1CE9 /* Release */ = {
			isa = XCBuildConfiguration;
			buildSettings = {
				ALWAYS_EMBED_SWIFT_STANDARD_LIBRARIES = YES;
				BUNDLE_LOADER = "$(TEST_HOST)";
				CODE_SIGN_STYLE = Automatic;
				CURRENT_PROJECT_VERSION = 1;
				GENERATE_INFOPLIST_FILE = YES;
				IPHONEOS_DEPLOYMENT_TARGET = 16.0;
				MARKETING_VERSION = 1.0;
				PRODUCT_BUNDLE_IDENTIFIER = study.OddEvenGameTests;
				PRODUCT_NAME = "$(TARGET_NAME)";
				SWIFT_EMIT_LOC_STRINGS = NO;
				SWIFT_VERSION = 5.0;
				TARGETED_DEVICE_FAMILY = "1,2";
				TEST_HOST = "$(BUILT_PRODUCTS_DIR)/OddEvenGame.app/$(BUNDLE_EXECUTABLE_FOLDER_PATH)/OddEvenGame";
			};
			name = Release;
		};
		34FFC0CB28F1B75A008F1CE9 /* Debug */ = {
			isa = XCBuildConfiguration;
			buildSettings = {
				ALWAYS_EMBED_SWIFT_STANDARD_LIBRARIES = YES;
				CODE_SIGN_STYLE = Automatic;
				CURRENT_PROJECT_VERSION = 1;
				GENERATE_INFOPLIST_FILE = YES;
				MARKETING_VERSION = 1.0;
				PRODUCT_BUNDLE_IDENTIFIER = study.OddEvenGameUITests;
				PRODUCT_NAME = "$(TARGET_NAME)";
				SWIFT_EMIT_LOC_STRINGS = NO;
				SWIFT_VERSION = 5.0;
				TARGETED_DEVICE_FAMILY = "1,2";
				TEST_TARGET_NAME = OddEvenGame;
			};
			name = Debug;
		};
		34FFC0CC28F1B75A008F1CE9 /* Release */ = {
			isa = XCBuildConfiguration;
			buildSettings = {
				ALWAYS_EMBED_SWIFT_STANDARD_LIBRARIES = YES;
				CODE_SIGN_STYLE = Automatic;
				CURRENT_PROJECT_VERSION = 1;
				GENERATE_INFOPLIST_FILE = YES;
				MARKETING_VERSION = 1.0;
				PRODUCT_BUNDLE_IDENTIFIER = study.OddEvenGameUITests;
				PRODUCT_NAME = "$(TARGET_NAME)";
				SWIFT_EMIT_LOC_STRINGS = NO;
				SWIFT_VERSION = 5.0;
				TARGETED_DEVICE_FAMILY = "1,2";
				TEST_TARGET_NAME = OddEvenGame;
			};
			name = Release;
		};
/* End XCBuildConfiguration section */

/* Begin XCConfigurationList section */
		34FFC09528F1B759008F1CE9 /* Build configuration list for PBXProject "OddEvenGame" */ = {
			isa = XCConfigurationList;
			buildConfigurations = (
				34FFC0C228F1B75A008F1CE9 /* Debug */,
				34FFC0C328F1B75A008F1CE9 /* Release */,
			);
			defaultConfigurationIsVisible = 0;
			defaultConfigurationName = Release;
		};
		34FFC0C428F1B75A008F1CE9 /* Build configuration list for PBXNativeTarget "OddEvenGame" */ = {
			isa = XCConfigurationList;
			buildConfigurations = (
				34FFC0C528F1B75A008F1CE9 /* Debug */,
				34FFC0C628F1B75A008F1CE9 /* Release */,
			);
			defaultConfigurationIsVisible = 0;
			defaultConfigurationName = Release;
		};
		34FFC0C728F1B75A008F1CE9 /* Build configuration list for PBXNativeTarget "OddEvenGameTests" */ = {
			isa = XCConfigurationList;
			buildConfigurations = (
				34FFC0C828F1B75A008F1CE9 /* Debug */,
				34FFC0C928F1B75A008F1CE9 /* Release */,
			);
			defaultConfigurationIsVisible = 0;
			defaultConfigurationName = Release;
		};
		34FFC0CA28F1B75A008F1CE9 /* Build configuration list for PBXNativeTarget "OddEvenGameUITests" */ = {
			isa = XCConfigurationList;
			buildConfigurations = (
				34FFC0CB28F1B75A008F1CE9 /* Debug */,
				34FFC0CC28F1B75A008F1CE9 /* Release */,
			);
			defaultConfigurationIsVisible = 0;
			defaultConfigurationName = Release;
		};
/* End XCConfigurationList section */
	};
	rootObject = 34FFC09228F1B759008F1CE9 /* Project object */;
}
